format = 2
root = "runtime-trellis"

[[packages]]
name = "runtime-trellis"
version = "0.12.0"
digest = "XDdOlF5Dq9DLwW6bxWzOcc9L8-_2ty3fyrIPjnDziAg"
distribution-digest = "sha256:2bdf98b518315f5a9b9f40b84e0ba43829222cbc895661a58924af5afe0dc483"

[[packages.dependencies]]
name = "trellis"
version = "0.12.0"
digest = "olfZWlhfujeEP1Au7d1504OBs7YyE-qvox6U3Xi1xpo"

[packages.source]
kind = "path"
path = "."

[[packages]]
name = "trellis"
version = "0.12.0"
digest = "olfZWlhfujeEP1Au7d1504OBs7YyE-qvox6U3Xi1xpo"
distribution-digest = "sha256:f073c1bcd82f8a67dfdcfdd9b4435f2e48d0e7f9225dfa947408ade3d1fa12d7"
dependencies = []

[packages.source]
kind = "path"
path = "./../../../rust/crates/runtime"
