format = 2
root = "runtime-trellis"

[[packages]]
name = "runtime-trellis"
version = "0.12.0"
digest = "XZl8NpfopmGx6BUwNUSotI8fKVxIuon06v2V7DGBRN4"
distribution-digest = "sha256:da49312a5da2699600a35e678fe67819d7a50940a9516aa33815522cca23fe25"

[[packages.dependencies]]
name = "trellis"
version = "0.12.0"
digest = "olfZWlhfujeEP1Au7d1504OBs7YyE-qvox6U3Xi1xpo"

[packages.source]
kind = "path"
path = "."

[[packages]]
name = "trellis"
version = "0.12.0"
digest = "olfZWlhfujeEP1Au7d1504OBs7YyE-qvox6U3Xi1xpo"
distribution-digest = "sha256:f073c1bcd82f8a67dfdcfdd9b4435f2e48d0e7f9225dfa947408ade3d1fa12d7"
dependencies = []

[packages.source]
kind = "path"
path = "./../../../rust/crates/runtime"
