format = 2
root = "trellis-test-generated"

[[packages]]
name = "trellis"
version = "0.12.0"
digest = "35TU5WlON47mBCpidXF0zjEIr7zv9uQzeR71O2hy4qY"
distribution-digest = "sha256:cc15320aca48e1019f205d4ab4f31de0780b27d27480169913d30b30f3677721"
dependencies = []

[packages.source]
kind = "path"
path = "./../../../rust/crates/runtime"

[[packages]]
name = "trellis-test-generated"
version = "0.12.0"
digest = "a92NQfoZJMlqPGsv-XuzI7DBUuaXQXNKW4O_ZEzsj6w"
distribution-digest = "sha256:e5d6527341080947e2bcb723cfa67e7dd02dea9527a4bc2f86a54dadabf2ad18"

[[packages.dependencies]]
name = "trellis"
version = "0.12.0"
digest = "35TU5WlON47mBCpidXF0zjEIr7zv9uQzeR71O2hy4qY"

[packages.source]
kind = "path"
path = "."
