format = 2
root = "trellis-test-generated"

[[packages]]
name = "trellis"
version = "0.12.0"
digest = "35TU5WlON47mBCpidXF0zjEIr7zv9uQzeR71O2hy4qY"
distribution-digest = "sha256:cc15320aca48e1019f205d4ab4f31de0780b27d27480169913d30b30f3677721"
dependencies = []

[packages.source]
kind = "path"
path = "./../../../rust/crates/runtime"

[[packages]]
name = "trellis-test-generated"
version = "0.12.0"
digest = "giqvRE9LOnXXUEnSlN1kBNAhoy8aQgWceJEsv74KjSo"
distribution-digest = "sha256:ecfa5258f19635e166c57ded6a1a75a8c269c72e78b9beef531f7eccb5f9d30d"

[[packages.dependencies]]
name = "trellis"
version = "0.12.0"
digest = "35TU5WlON47mBCpidXF0zjEIr7zv9uQzeR71O2hy4qY"

[packages.source]
kind = "path"
path = "."
