format = 1
manifest-digest = "XRigm8Wm7kYPSg0VHnJKpgV0_f4al_N7QYkNou-aHRg"

[[api]]
id = "trellis.auth@v1"
version = "1.0.0"
api-digest = "Fs_nA37wXgMpLRfB7IyYDhIEDUdSl3PdNp6ehnXcV1A"
path = "../../../rust/crates/runtime/.trellis/generated/protocol/apis/trellis.auth@v1.json"

[[api]]
id = "trellis.state@v1"
version = "1.0.0"
api-digest = "qs1u5DVKbglPE25fTx77AadXTT-MDwSkmHVFJlCwE2A"
path = "../../../rust/crates/runtime/.trellis/generated/protocol/apis/trellis.state@v1.json"
