format = 2
root = "demo-app"

[[packages]]
name = "demo-app"
version = "1.0.0"
digest = "9mzdQrLFPaiFOBDmY8CshTfzOGPZ3R8kNreJRyeK_QM"
distribution-digest = "sha256:2b2515ce94527722a24f9a74f3816b9b0febe5ae04a2747f021ede73c9162817"

[[packages.dependencies]]
name = "demo-service"
version = "1.0.0"
digest = "xSE-gdBFo_5s8gRCS9_IkNFYJsVpl2OC_o98Xr6s-jw"

[[packages.dependencies]]
name = "trellis"
version = "0.12.0"
digest = "35TU5WlON47mBCpidXF0zjEIr7zv9uQzeR71O2hy4qY"

[packages.source]
kind = "path"
path = "."

[[packages]]
name = "demo-service"
version = "1.0.0"
digest = "xSE-gdBFo_5s8gRCS9_IkNFYJsVpl2OC_o98Xr6s-jw"
distribution-digest = "sha256:783e1d499f1b909b0f13a3689c57c5e45a64e21efa7634f55e926e4628fa0be7"
dependencies = []

[packages.source]
kind = "path"
path = "./../ts/service"

[[packages]]
name = "trellis"
version = "0.12.0"
digest = "35TU5WlON47mBCpidXF0zjEIr7zv9uQzeR71O2hy4qY"
distribution-digest = "sha256:cc15320aca48e1019f205d4ab4f31de0780b27d27480169913d30b30f3677721"
dependencies = []

[packages.source]
kind = "path"
path = "./../../rust/crates/runtime"
