format = 1
manifest-digest = "WXMr-i6435qrYuMyjWAsCIk0xJd0VolODMe-SYF4LC0"

[[api]]
id = "demo.service@v1"
version = "1.0.0"
api-digest = "8chy0eVOlkTw5fE6AKm7QPY0nHVQUPPRMDUhAnj2Ybc"
path = "../service/.trellis/generated/protocol/apis/demo.service@v1.json"

[[api]]
id = "trellis.state@v1"
version = "1.0.0"
api-digest = "hGgfotCC_9mlYwTUdaZtMTeia-KVGCGyqPop--LGa1w"
path = "../../../rust/crates/runtime/.trellis/generated/protocol/apis/trellis.state@v1.json"
