format = 2
root = "demo-device"

[[packages]]
name = "demo-device"
version = "1.0.0"
digest = "s9lk3YuCGEV3g0CLd4gz4XnDENhHEly_ud58fAG_nRs"
distribution-digest = "sha256:6a30f8c4b269db59a3550f1fbfeb9c449f5399892c9a249cad7cf5231375592f"

[[packages.dependencies]]
name = "demo-service"
version = "1.0.0"
digest = "xSE-gdBFo_5s8gRCS9_IkNFYJsVpl2OC_o98Xr6s-jw"

[[packages.dependencies]]
name = "trellis"
version = "0.12.0"
digest = "35TU5WlON47mBCpidXF0zjEIr7zv9uQzeR71O2hy4qY"

[packages.source]
kind = "path"
path = "."

[[packages]]
name = "demo-service"
version = "1.0.0"
digest = "xSE-gdBFo_5s8gRCS9_IkNFYJsVpl2OC_o98Xr6s-jw"
distribution-digest = "sha256:783e1d499f1b909b0f13a3689c57c5e45a64e21efa7634f55e926e4628fa0be7"
dependencies = []

[packages.source]
kind = "path"
path = "./../service"

[[packages]]
name = "trellis"
version = "0.12.0"
digest = "35TU5WlON47mBCpidXF0zjEIr7zv9uQzeR71O2hy4qY"
distribution-digest = "sha256:cc15320aca48e1019f205d4ab4f31de0780b27d27480169913d30b30f3677721"
dependencies = []

[packages.source]
kind = "path"
path = "./../../../rust/crates/runtime"
