format = 2
root = "trellis-web-generated"

[[packages]]
name = "trellis"
version = "0.12.0"
digest = "jrwvEmXfrHI4l0hzRmlLv7aQZdydTMVy6oKFsN-Drn0"
distribution-digest = "sha256:04ed0f1e487f974478d53c5ab775769b78301b017d19e0e4c3663feb0a2819de"
dependencies = []

[packages.source]
kind = "path"
path = "./../rust/crates/runtime"

[[packages]]
name = "trellis-web-generated"
version = "0.12.0"
digest = "oh9LjdFTWstgpJScwtZwqowgc8PMgEHSIaDMqiZZoXM"
distribution-digest = "sha256:c56963b6c0f12fda1876c706781451394e9cf693b491c0d3731d7a1e6128cd7e"

[[packages.dependencies]]
name = "trellis"
version = "0.12.0"
digest = "jrwvEmXfrHI4l0hzRmlLv7aQZdydTMVy6oKFsN-Drn0"

[packages.source]
kind = "path"
path = "."
