format = 2
root = "trellis-web-generated"

[[packages]]
name = "trellis"
version = "0.12.0"
digest = "35TU5WlON47mBCpidXF0zjEIr7zv9uQzeR71O2hy4qY"
distribution-digest = "sha256:cc15320aca48e1019f205d4ab4f31de0780b27d27480169913d30b30f3677721"
dependencies = []

[packages.source]
kind = "path"
path = "./../rust/crates/runtime"

[[packages]]
name = "trellis-web-generated"
version = "0.12.0"
digest = "95FJ9yd6tawJjZ2dKaEQcKnpfgbcEEYvqeJEIgwstdU"
distribution-digest = "sha256:acdcec8f62e83a53da8a08d2220c69a158cf4a7c291385fc453b261107c07627"

[[packages.dependencies]]
name = "trellis"
version = "0.12.0"
digest = "35TU5WlON47mBCpidXF0zjEIr7zv9uQzeR71O2hy4qY"

[packages.source]
kind = "path"
path = "."
